
Microsoft Visual Studio Solution File, Format Version 12.00
# Visual Studio Version 17
VisualStudioVersion = 17.7.34221.43
MinimumVisualStudioVersion = 10.0.40219.1
Project("{2150E333-8FDC-42A3-9474-1A3956D46DE8}") = "Data Access", "Data Access", "{1B560BC2-18C5-4A74-9EB1-29115ABA34A8}"
EndProject
Project("{2150E333-8FDC-42A3-9474-1A3956D46DE8}") = "Business Logic", "Business Logic", "{5710C8E8-4D55-44FA-8915-78F692FB1D4C}"
EndProject
Project("{2150E333-8FDC-42A3-9474-1A3956D46DE8}") = "Presentation", "Presentation", "{E8B97B57-8734-4D12-97FC-945C01CB1CD5}"
EndProject
Project("{9A19103F-16F7-4668-BE54-9A1E7A4F7556}") = "OrderEase.DAL", "OrderEase.DAL\OrderEase.DAL.csproj", "{45E4F180-A31F-4EA6-B729-7E60966AB55E}"
EndProject
Project("{9A19103F-16F7-4668-BE54-9A1E7A4F7556}") = "OrderEase.BLL", "OrderEase.BLL\OrderEase.BLL.csproj", "{A29E0FBE-E1C1-448A-8C10-146358FA444B}"
EndProject
Project("{FAE04EC0-301F-11D3-BF4B-00C04F79EFBC}") = "OrderEase.WebClient.PL", "OrderEase.WebClient.PL\OrderEase.WebClient.PL.csproj", "{9492FB59-B733-4865-ACBE-9944AC2CAF0B}"
EndProject
Project("{FAE04EC0-301F-11D3-BF4B-00C04F79EFBC}") = "OrderEase.WebServer.PL", "OrderEase.WebServer.PL\OrderEase.WebServer.PL.csproj", "{C241CFDD-79E0-4AD1-89A0-6587D171E2E6}"
EndProject
Global
	GlobalSection(SolutionConfigurationPlatforms) = preSolution
		Debug|Any CPU = Debug|Any CPU
		Release|Any CPU = Release|Any CPU
	EndGlobalSection
	GlobalSection(ProjectConfigurationPlatforms) = postSolution
		{45E4F180-A31F-4EA6-B729-7E60966AB55E}.Debug|Any CPU.ActiveCfg = Debug|Any CPU
		{45E4F180-A31F-4EA6-B729-7E60966AB55E}.Debug|Any CPU.Build.0 = Debug|Any CPU
		{45E4F180-A31F-4EA6-B729-7E60966AB55E}.Release|Any CPU.ActiveCfg = Release|Any CPU
		{45E4F180-A31F-4EA6-B729-7E60966AB55E}.Release|Any CPU.Build.0 = Release|Any CPU
		{A29E0FBE-E1C1-448A-8C10-146358FA444B}.Debug|Any CPU.ActiveCfg = Debug|Any CPU
		{A29E0FBE-E1C1-448A-8C10-146358FA444B}.Debug|Any CPU.Build.0 = Debug|Any CPU
		{A29E0FBE-E1C1-448A-8C10-146358FA444B}.Release|Any CPU.ActiveCfg = Release|Any CPU
		{A29E0FBE-E1C1-448A-8C10-146358FA444B}.Release|Any CPU.Build.0 = Release|Any CPU
		{9492FB59-B733-4865-ACBE-9944AC2CAF0B}.Debug|Any CPU.ActiveCfg = Debug|Any CPU
		{9492FB59-B733-4865-ACBE-9944AC2CAF0B}.Debug|Any CPU.Build.0 = Debug|Any CPU
		{9492FB59-B733-4865-ACBE-9944AC2CAF0B}.Release|Any CPU.ActiveCfg = Release|Any CPU
		{9492FB59-B733-4865-ACBE-9944AC2CAF0B}.Release|Any CPU.Build.0 = Release|Any CPU
		{C241CFDD-79E0-4AD1-89A0-6587D171E2E6}.Debug|Any CPU.ActiveCfg = Debug|Any CPU
		{C241CFDD-79E0-4AD1-89A0-6587D171E2E6}.Debug|Any CPU.Build.0 = Debug|Any CPU
		{C241CFDD-79E0-4AD1-89A0-6587D171E2E6}.Release|Any CPU.ActiveCfg = Release|Any CPU
		{C241CFDD-79E0-4AD1-89A0-6587D171E2E6}.Release|Any CPU.Build.0 = Release|Any CPU
	EndGlobalSection
	GlobalSection(SolutionProperties) = preSolution
		HideSolutionNode = FALSE
	EndGlobalSection
	GlobalSection(NestedProjects) = preSolution
		{45E4F180-A31F-4EA6-B729-7E60966AB55E} = {1B560BC2-18C5-4A74-9EB1-29115ABA34A8}
		{A29E0FBE-E1C1-448A-8C10-146358FA444B} = {5710C8E8-4D55-44FA-8915-78F692FB1D4C}
		{9492FB59-B733-4865-ACBE-9944AC2CAF0B} = {E8B97B57-8734-4D12-97FC-945C01CB1CD5}
		{C241CFDD-79E0-4AD1-89A0-6587D171E2E6} = {E8B97B57-8734-4D12-97FC-945C01CB1CD5}
	EndGlobalSection
	GlobalSection(ExtensibilityGlobals) = postSolution
		SolutionGuid = {4C62E4EF-65F8-41E8-928F-D3DD5EA656FA}
	EndGlobalSection
EndGlobal
